
Microsoft Visual Studio Solution File, Format Version 12.00
# Visual Studio 15
VisualStudioVersion = 15.0.28307.539
MinimumVisualStudioVersion = 10.0.40219.1
Project("{FAE04EC0-301F-11D3-BF4B-00C04F79EFBC}") = "AiLaTrieuPhu", "AiLaTrieuPhu\AiLaTrieuPhu.csproj", "{4A11C409-5482-4AC4-9F5D-83D172EC3A7D}"
EndProject
Global
	GlobalSection(SolutionConfigurationPlatforms) = preSolution
		Debug|Any CPU = Debug|Any CPU
		Release|Any CPU = Release|Any CPU
	EndGlobalSection
	GlobalSection(ProjectConfigurationPlatforms) = postSolution
		{4A11C409-5482-4AC4-9F5D-83D172EC3A7D}.Debug|Any CPU.ActiveCfg = Debug|Any CPU
		{4A11C409-5482-4AC4-9F5D-83D172EC3A7D}.Debug|Any CPU.Build.0 = Debug|Any CPU
		{4A11C409-5482-4AC4-9F5D-83D172EC3A7D}.Release|Any CPU.ActiveCfg = Release|Any CPU
		{4A11C409-5482-4AC4-9F5D-83D172EC3A7D}.Release|Any CPU.Build.0 = Release|Any CPU
	EndGlobalSection
	GlobalSection(SolutionProperties) = preSolution
		HideSolutionNode = FALSE
	EndGlobalSection
	GlobalSection(ExtensibilityGlobals) = postSolution
		SolutionGuid = {C8E29C06-29FA-4190-B1FF-05BA6157B0FE}
	EndGlobalSection
EndGlobal
